
Microsoft Visual Studio Solution File, Format Version 12.00
# Visual Studio Version 16
VisualStudioVersion = 16.0.34114.132
MinimumVisualStudioVersion = 10.0.40219.1
Project("{FAE04EC0-301F-11D3-BF4B-00C04F79EFBC}") = "SB.BackgroundGen", "SB.BackgroundGen\SB.BackgroundGen.csproj", "{4AA55A2D-EC06-4732-9254-95B52F7E1BF8}"
EndProject
Global
	GlobalSection(SolutionConfigurationPlatforms) = preSolution
		Debug|Any CPU = Debug|Any CPU
		Release|Any CPU = Release|Any CPU
	EndGlobalSection
	GlobalSection(ProjectConfigurationPlatforms) = postSolution
		{4AA55A2D-EC06-4732-9254-95B52F7E1BF8}.Debug|Any CPU.ActiveCfg = Debug|Any CPU
		{4AA55A2D-EC06-4732-9254-95B52F7E1BF8}.Debug|Any CPU.Build.0 = Debug|Any CPU
		{4AA55A2D-EC06-4732-9254-95B52F7E1BF8}.Release|Any CPU.ActiveCfg = Release|Any CPU
		{4AA55A2D-EC06-4732-9254-95B52F7E1BF8}.Release|Any CPU.Build.0 = Release|Any CPU
	EndGlobalSection
	GlobalSection(SolutionProperties) = preSolution
		HideSolutionNode = FALSE
	EndGlobalSection
	GlobalSection(ExtensibilityGlobals) = postSolution
		SolutionGuid = {765D7E6F-C45D-4E9C-8CD5-A21EA2BFA3FD}
	EndGlobalSection
EndGlobal
